
Microsoft Visual Studio Solution File, Format Version 12.00
# Visual Studio Version 17
VisualStudioVersion = 17.14.37314.3 d17.14
MinimumVisualStudioVersion = 10.0.40219.1
Project("{FAE04EC0-301F-11D3-BF4B-00C04F79EFBC}") = "Pizza_Project", "Pizza_Project.csproj", "{06EF627E-8D53-4E0A-900E-9417FF12BD94}"
EndProject
Global
	GlobalSection(SolutionConfigurationPlatforms) = preSolution
		Debug|Any CPU = Debug|Any CPU
		Release|Any CPU = Release|Any CPU
	EndGlobalSection
	GlobalSection(ProjectConfigurationPlatforms) = postSolution
		{06EF627E-8D53-4E0A-900E-9417FF12BD94}.Debug|Any CPU.ActiveCfg = Debug|Any CPU
		{06EF627E-8D53-4E0A-900E-9417FF12BD94}.Debug|Any CPU.Build.0 = Debug|Any CPU
		{06EF627E-8D53-4E0A-900E-9417FF12BD94}.Release|Any CPU.ActiveCfg = Release|Any CPU
		{06EF627E-8D53-4E0A-900E-9417FF12BD94}.Release|Any CPU.Build.0 = Release|Any CPU
	EndGlobalSection
	GlobalSection(SolutionProperties) = preSolution
		HideSolutionNode = FALSE
	EndGlobalSection
	GlobalSection(ExtensibilityGlobals) = postSolution
		SolutionGuid = {552BC09D-7800-4EBC-8125-FD604FB6C433}
	EndGlobalSection
EndGlobal
